// !$*UTF8*$!
{
	archiveVersion = 1;
	classes = {
	};
	objectVersion = 46;
	objects = {

/* Begin PBXBuildFile section */
		FB489BE61EA072F4002B6635 /* AppDelegate.swift in Sources */ = {isa = PBXBuildFile; fileRef = FB489BE51EA072F4002B6635 /* AppDelegate.swift */; };
		FB489BE81EA072F4002B6635 /* ViewController.swift in Sources */ = {isa = PBXBuildFile; fileRef = FB489BE71EA072F4002B6635 /* ViewController.swift */; };
		FB489BEB1EA072F4002B6635 /* Main.storyboard in Resources */ = {isa = PBXBuildFile; fileRef = FB489BE91EA072F4002B6635 /* Main.storyboard */; };
		FB489BED1EA072F4002B6635 /* Assets.xcassets in Resources */ = {isa = PBXBuildFile; fileRef = FB489BEC1EA072F4002B6635 /* Assets.xcassets */; };
		FB489BF01EA072F4002B6635 /* LaunchScreen.storyboard in Resources */ = {isa = PBXBuildFile; fileRef = FB489BEE1EA072F4002B6635 /* LaunchScreen.storyboard */; };
/* End PBXBuildFile section */

/* Begin PBXFileReference section */
		FB489BE21EA072F4002B6635 /* SyntaxKitDemo.app */ = {isa = PBXFileReference; explicitFileType = wrapper.application; includeInIndex = 0; path = SyntaxKitDemo.app; sourceTree = BUILT_PRODUCTS_DIR; };
		FB489BE51EA072F4002B6635 /* AppDelegate.swift */ = {isa = PBXFileReference; lastKnownFileType = sourcecode.swift; path = AppDelegate.swift; sourceTree = "<group>"; };
		FB489BE71EA072F4002B6635 /* ViewController.swift */ = {isa = PBXFileReference; lastKnownFileType = sourcecode.swift; path = ViewController.swift; sourceTree = "<group>"; };
		FB489BEA1EA072F4002B6635 /* Base */ = {isa = PBXFileReference; lastKnownFileType = file.storyboard; name = Base; path = Base.lproj/Main.storyboard; sourceTree = "<group>"; };
		FB489BEC1EA072F4002B6635 /* Assets.xcassets */ = {isa = PBXFileReference; lastKnownFileType = folder.assetcatalog; path = Assets.xcassets; sourceTree = "<group>"; };
		FB489BEF1EA072F4002B6635 /* Base */ = {isa = PBXFileReference; lastKnownFileType = file.storyboard; name = Base; path = Base.lproj/LaunchScreen.storyboard; sourceTree = "<group>"; };
		FB489BF11EA072F4002B6635 /* Info.plist */ = {isa = PBXFileReference; lastKnownFileType = text.plist.xml; path = Info.plist; sourceTree = "<group>"; };
/* End PBXFileReference section */

/* Begin PBXFrameworksBuildPhase section */
		FB489BDF1EA072F4002B6635 /* Frameworks */ = {
			isa = PBXFrameworksBuildPhase;
			buildActionMask = 2147483647;
			files = (
			);
			runOnlyForDeploymentPostprocessing = 0;
		};
/* End PBXFrameworksBuildPhase section */

/* Begin PBXGroup section */
		FB489BD91EA072F4002B6635 = {
			isa = PBXGroup;
			children = (
				FB489BE41EA072F4002B6635 /* SyntaxKitDemo */,
				FB489BE31EA072F4002B6635 /* Products */,
			);
			sourceTree = "<group>";
		};
		FB489BE31EA072F4002B6635 /* Products */ = {
			isa = PBXGroup;
			children = (
				FB489BE21EA072F4002B6635 /* SyntaxKitDemo.app */,
			);
			name = Products;
			sourceTree = "<group>";
		};
		FB489BE41EA072F4002B6635 /* SyntaxKitDemo */ = {
			isa = PBXGroup;
			children = (
				FB489BE51EA072F4002B6635 /* AppDelegate.swift */,
				FB489BE71EA072F4002B6635 /* ViewController.swift */,
				FB489BE91EA072F4002B6635 /* Main.storyboard */,
				FB489BEC1EA072F4002B6635 /* Assets.xcassets */,
				FB489BEE1EA072F4002B6635 /* LaunchScreen.storyboard */,
				FB489BF11EA072F4002B6635 /* Info.plist */,
			);
			path = SyntaxKitDemo;
			sourceTree = "<group>";
		};
/* End PBXGroup section */

/* Begin PBXNativeTarget section */
		FB489BE11EA072F4002B6635 /* SyntaxKitDemo */ = {
			isa = PBXNativeTarget;
			buildConfigurationList = FB489BF41EA072F4002B6635 /* Build configuration list for PBXNativeTarget "SyntaxKitDemo" */;
			buildPhases = (
				FB489BDE1EA072F4002B6635 /* Sources */,
				FB489BDF1EA072F4002B6635 /* Frameworks */,
				FB489BE01EA072F4002B6635 /* Resources */,
			);
			buildRules = (
			);
			dependencies = (
			);
			name = SyntaxKitDemo;
			productName = SyntaxKitDemo;
			productReference = FB489BE21EA072F4002B6635 /* SyntaxKitDemo.app */;
			productType = "com.apple.product-type.application";
		};
/* End PBXNativeTarget section */

/* Begin PBXProject section */
		FB489BDA1EA072F4002B6635 /* Project object */ = {
			isa = PBXProject;
			attributes = {
				LastSwiftUpdateCheck = 0820;
				LastUpgradeCheck = 0820;
				ORGANIZATIONNAME = zx;
				TargetAttributes = {
					FB489BE11EA072F4002B6635 = {
						CreatedOnToolsVersion = 8.2.1;
						DevelopmentTeam = 6MAYP88FEZ;
						ProvisioningStyle = Automatic;
					};
				};
			};
			buildConfigurationList = FB489BDD1EA072F4002B6635 /* Build configuration list for PBXProject "SyntaxKitDemo" */;
			compatibilityVersion = "Xcode 3.2";
			developmentRegion = English;
			hasScannedForEncodings = 0;
			knownRegions = (
				en,
				Base,
			);
			mainGroup = FB489BD91EA072F4002B6635;
			productRefGroup = FB489BE31EA072F4002B6635 /* Products */;
			projectDirPath = "";
			projectRoot = "";
			targets = (
				FB489BE11EA072F4002B6635 /* SyntaxKitDemo */,
			);
		};
/* End PBXProject section */

/* Begin PBXResourcesBuildPhase section */
		FB489BE01EA072F4002B6635 /* Resources */ = {
			isa = PBXResourcesBuildPhase;
			buildActionMask = 2147483647;
			files = (
				FB489BF01EA072F4002B6635 /* LaunchScreen.storyboard in Resources */,
				FB489BED1EA072F4002B6635 /* Assets.xcassets in Resources */,
				FB489BEB1EA072F4002B6635 /* Main.storyboard in Resources */,
			);
			runOnlyForDeploymentPostprocessing = 0;
		};
/* End PBXResourcesBuildPhase section */

/* Begin PBXSourcesBuildPhase section */
		FB489BDE1EA072F4002B6635 /* Sources */ = {
			isa = PBXSourcesBuildPhase;
			buildActionMask = 2147483647;
			files = (
				FB489BE81EA072F4002B6635 /* ViewController.swift in Sources */,
				FB489BE61EA072F4002B6635 /* AppDelegate.swift in Sources */,
			);
			runOnlyForDeploymentPostprocessing = 0;
		};
/* End PBXSourcesBuildPhase section */

/* Begin PBXVariantGroup section */
		FB489BE91EA072F4002B6635 /* Main.storyboard */ = {
			isa = PBXVariantGroup;
			children = (
				FB489BEA1EA072F4002B6635 /* Base */,
			);
			name = Main.storyboard;
			sourceTree = "<group>";
		};
		FB489BEE1EA072F4002B6635 /* LaunchScreen.storyboard */ = {
			isa = PBXVariantGroup;
			children = (
				FB489BEF1EA072F4002B6635 /* Base */,
			);
			name = LaunchScreen.storyboard;
			sourceTree = "<group>";
		};
/* End PBXVariantGroup section */

/* Begin XCBuildConfiguration section */
		FB489BF21EA072F4002B6635 /* Debug */ = {
			isa = XCBuildConfiguration;
			buildSettings = {
				ALWAYS_SEARCH_USER_PATHS = NO;
				CLANG_ANALYZER_NONNULL = YES;
				CLANG_CXX_LANGUAGE_STANDARD = "gnu++0x";
				CLANG_CXX_LIBRARY = "libc++";
				CLANG_ENABLE_MODULES = YES;
				CLANG_ENABLE_OBJC_ARC = YES;
				CLANG_WARN_BOOL_CONVERSION = YES;
				CLANG_WARN_CONSTANT_CONVERSION = YES;
				CLANG_WARN_DIRECT_OBJC_ISA_USAGE = YES_ERROR;
				CLANG_WARN_DOCUMENTATION_COMMENTS = YES;
				CLANG_WARN_EMPTY_BODY = YES;
				CLANG_WARN_ENUM_CONVERSION = YES;
				CLANG_WARN_INFINITE_RECURSION = YES;
				CLANG_WARN_INT_CONVERSION = YES;
				CLANG_WARN_OBJC_ROOT_CLASS = YES_ERROR;
				CLANG_WARN_SUSPICIOUS_MOVE = YES;
				CLANG_WARN_UNREACHABLE_CODE = YES;
				CLANG_WARN__DUPLICATE_METHOD_MATCH = YES;
				"CODE_SIGN_IDENTITY[sdk=iphoneos*]" = "iPhone Developer";
				COPY_PHASE_STRIP = NO;
				DEBUG_INFORMATION_FORMAT = dwarf;
				ENABLE_STRICT_OBJC_MSGSEND = YES;
				ENABLE_TESTABILITY = YES;
				GCC_C_LANGUAGE_STANDARD = gnu99;
				GCC_DYNAMIC_NO_PIC = NO;
				GCC_NO_COMMON_BLOCKS = YES;
				GCC_OPTIMIZATION_LEVEL = 0;
				GCC_PREPROCESSOR_DEFINITIONS = (
					"DEBUG=1",
					"$(inherited)",
				);
				GCC_WARN_64_TO_32_BIT_CONVERSION = YES;
				GCC_WARN_ABOUT_RETURN_TYPE = YES_ERROR;
				GCC_WARN_UNDECLARED_SELECTOR = YES;
				GCC_WARN_UNINITIALIZED_AUTOS = YES_AGGRESSIVE;
				GCC_WARN_UNUSED_FUNCTION = YES;
				GCC_WARN_UNUSED_VARIABLE = YES;
				IPHONEOS_DEPLOYMENT_TARGET = 10.2;
				MTL_ENABLE_DEBUG_INFO = YES;
				ONLY_ACTIVE_ARCH = YES;
				SDKROOT = iphoneos;
				SWIFT_ACTIVE_COMPILATION_CONDITIONS = DEBUG;
				SWIFT_OPTIMIZATION_LEVEL = "-Onone";
			};
			name = Debug;
		};
		FB489BF31EA072F4002B6635 /* Release */ = {
			isa = XCBuildConfiguration;
			buildSettings = {
				ALWAYS_SEARCH_USER_PATHS = NO;
				CLANG_ANALYZER_NONNULL = YES;
				CLANG_CXX_LANGUAGE_STANDARD = "gnu++0x";
				CLANG_CXX_LIBRARY = "libc++";
				CLANG_ENABLE_MODULES = YES;
				CLANG_ENABLE_OBJC_ARC = YES;
				CLANG_WARN_BOOL_CONVERSION = YES;
				CLANG_WARN_CONSTANT_CONVERSION = YES;
				CLANG_WARN_DIRECT_OBJC_ISA_USAGE = YES_ERROR;
				CLANG_WARN_DOCUMENTATION_COMMENTS = YES;
				CLANG_WARN_EMPTY_BODY = YES;
				CLANG_WARN_ENUM_CONVERSION = YES;
				CLANG_WARN_INFINITE_RECURSION = YES;
				CLANG_WARN_INT_CONVERSION = YES;
				CLANG_WARN_OBJC_ROOT_CLASS = YES_ERROR;
				CLANG_WARN_SUSPICIOUS_MOVE = YES;
				CLANG_WARN_UNREACHABLE_CODE = YES;
				CLANG_WARN__DUPLICATE_METHOD_MATCH = YES;
				"CODE_SIGN_IDENTITY[sdk=iphoneos*]" = "iPhone Developer";
				COPY_PHASE_STRIP = NO;
				DEBUG_INFORMATION_FORMAT = "dwarf-with-dsym";
				ENABLE_NS_ASSERTIONS = NO;
				ENABLE_STRICT_OBJC_MSGSEND = YES;
				GCC_C_LANGUAGE_STANDARD = gnu99;
				GCC_NO_COMMON_BLOCKS = YES;
				GCC_WARN_64_TO_32_BIT_CONVERSION = YES;
				GCC_WARN_ABOUT_RETURN_TYPE = YES_ERROR;
				GCC_WARN_UNDECLARED_SELECTOR = YES;
				GCC_WARN_UNINITIALIZED_AUTOS = YES_AGGRESSIVE;
				GCC_WARN_UNUSED_FUNCTION = YES;
				GCC_WARN_UNUSED_VARIABLE = YES;
				IPHONEOS_DEPLOYMENT_TARGET = 10.2;
				MTL_ENABLE_DEBUG_INFO = NO;
				SDKROOT = iphoneos;
				SWIFT_OPTIMIZATION_LEVEL = "-Owholemodule";
				VALIDATE_PRODUCT = YES;
			};
			name = Release;
		};
		FB489BF51EA072F4002B6635 /* Debug */ = {
			isa = XCBuildConfiguration;
			buildSettings = {
				ASSETCATALOG_COMPILER_APPICON_NAME = AppIcon;
				DEVELOPMENT_TEAM = 6MAYP88FEZ;
				INFOPLIST_FILE = SyntaxKitDemo/Info.plist;
				LD_RUNPATH_SEARCH_PATHS = "$(inherited) @executable_path/Frameworks";
				PRODUCT_BUNDLE_IDENTIFIER = com.zx.SyntaxKitDemo;
				PRODUCT_NAME = "$(TARGET_NAME)";
				SWIFT_VERSION = 3.0;
			};
			name = Debug;
		};
		FB489BF61EA072F4002B6635 /* Release */ = {
			isa = XCBuildConfiguration;
			buildSettings = {
				ASSETCATALOG_COMPILER_APPICON_NAME = AppIcon;
				DEVELOPMENT_TEAM = 6MAYP88FEZ;
				INFOPLIST_FILE = SyntaxKitDemo/Info.plist;
				LD_RUNPATH_SEARCH_PATHS = "$(inherited) @executable_path/Frameworks";
				PRODUCT_BUNDLE_IDENTIFIER = com.zx.SyntaxKitDemo;
				PRODUCT_NAME = "$(TARGET_NAME)";
				SWIFT_VERSION = 3.0;
			};
			name = Release;
		};
/* End XCBuildConfiguration section */

/* Begin XCConfigurationList section */
		FB489BDD1EA072F4002B6635 /* Build configuration list for PBXProject "SyntaxKitDemo" */ = {
			isa = XCConfigurationList;
			buildConfigurations = (
				FB489BF21EA072F4002B6635 /* Debug */,
				FB489BF31EA072F4002B6635 /* Release */,
			);
			defaultConfigurationIsVisible = 0;
			defaultConfigurationName = Release;
		};
		FB489BF41EA072F4002B6635 /* Build configuration list for PBXNativeTarget "SyntaxKitDemo" */ = {
			isa = XCConfigurationList;
			buildConfigurations = (
				FB489BF51EA072F4002B6635 /* Debug */,
				FB489BF61EA072F4002B6635 /* Release */,
			);
			defaultConfigurationIsVisible = 0;
		};
/* End XCConfigurationList section */
	};
	rootObject = FB489BDA1EA072F4002B6635 /* Project object */;
}
